// !$*UTF8*$!
{
	archiveVersion = 1;
	classes = {
	};
	objectVersion = 56;
	objects = {

/* Begin PBXBuildFile section */
		F6040515296248F8003577D7 /* SCP_UtilityApp.swift in Sources */ = {isa = PBXBuildFile; fileRef = F6040514296248F8003577D7 /* SCP_UtilityApp.swift */; };
		F6040519296248F8003577D7 /* Assets.xcassets in Resources */ = {isa = PBXBuildFile; fileRef = F6040518296248F8003577D7 /* Assets.xcassets */; };
		F604051C296248F8003577D7 /* Preview Assets.xcassets in Resources */ = {isa = PBXBuildFile; fileRef = F604051B296248F8003577D7 /* Preview Assets.xcassets */; };
		F604054529624A21003577D7 /* ContentView.swift in Sources */ = {isa = PBXBuildFile; fileRef = F604054029624A21003577D7 /* ContentView.swift */; };
		F604054729624A21003577D7 /* ListView.swift in Sources */ = {isa = PBXBuildFile; fileRef = F604054229624A21003577D7 /* ListView.swift */; };
		F604054829624A21003577D7 /* HistoryView.swift in Sources */ = {isa = PBXBuildFile; fileRef = F604054329624A21003577D7 /* HistoryView.swift */; };
		F604055229624CAC003577D7 /* SwiftSoup in Frameworks */ = {isa = PBXBuildFile; productRef = F604055129624CAC003577D7 /* SwiftSoup */; };
		F608B71929E09D8600B583EF /* ArticleImage.swift in Sources */ = {isa = PBXBuildFile; fileRef = F608B71829E09D8600B583EF /* ArticleImage.swift */; };
		F608B71B29E1CB5A00B583EF /* Collapsible.swift in Sources */ = {isa = PBXBuildFile; fileRef = F6EFF42529DF879500605E40 /* Collapsible.swift */; };
		F608B71E29E1CC8C00B583EF /* ArticleInfo.swift in Sources */ = {isa = PBXBuildFile; fileRef = F6EFF42029DB7D0200605E40 /* ArticleInfo.swift */; };
		F608B72029E1CDA100B583EF /* Assets.xcassets in Resources */ = {isa = PBXBuildFile; fileRef = F62A5D7B29D9F99100661DE0 /* Assets.xcassets */; };
		F608B72129E1CE6100B583EF /* Localizable.strings in Resources */ = {isa = PBXBuildFile; fileRef = F69219FA29BA6A4400EF19D0 /* Localizable.strings */; };
		F615611B29D87332003561CD /* RandomCard.swift in Sources */ = {isa = PBXBuildFile; fileRef = F615611A29D87332003561CD /* RandomCard.swift */; };
		F6236F6929A2F43F007A5A61 /* Model.xcdatamodeld in Sources */ = {isa = PBXBuildFile; fileRef = F6DFECFD299AED80002C3F1A /* Model.xcdatamodeld */; };
		F62A5D7629D9F8F200661DE0 /* SafariWrapper.swift in Sources */ = {isa = PBXBuildFile; fileRef = F615611C29D9CE92003561CD /* SafariWrapper.swift */; };
		F62A5D7729D9F90300661DE0 /* DataController.swift in Sources */ = {isa = PBXBuildFile; fileRef = F6DFED00299AEFC6002C3F1A /* DataController.swift */; };
		F62A5D7829D9F91200661DE0 /* ArticleView.swift in Sources */ = {isa = PBXBuildFile; fileRef = F6DFECD72990A2FA002C3F1A /* ArticleView.swift */; };
		F62A5D7929D9F92100661DE0 /* SearchView.swift in Sources */ = {isa = PBXBuildFile; fileRef = F604054A29624A3F003577D7 /* SearchView.swift */; };
		F62A5D7A29D9F92C00661DE0 /* SCPList.swift in Sources */ = {isa = PBXBuildFile; fileRef = F6DFECF9299AE8CC002C3F1A /* SCPList.swift */; };
		F64BEEC329F45CEC00AEB15B /* ArticleTabView.swift in Sources */ = {isa = PBXBuildFile; fileRef = F64BEEC229F45CEC00AEB15B /* ArticleTabView.swift */; };
		F69219F129BA5C1200EF19D0 /* Kingfisher in Frameworks */ = {isa = PBXBuildFile; productRef = F69219F029BA5C1200EF19D0 /* Kingfisher */; };
		F69219F829BA6A4400EF19D0 /* Localizable.strings in Resources */ = {isa = PBXBuildFile; fileRef = F69219FA29BA6A4400EF19D0 /* Localizable.strings */; };
		F69219FD29BA6C6900EF19D0 /* ArticleSpotlight.swift in Sources */ = {isa = PBXBuildFile; fileRef = F69219FC29BA6C6900EF19D0 /* ArticleSpotlight.swift */; };
		F69219FF29BA6C7500EF19D0 /* ExploreView.swift in Sources */ = {isa = PBXBuildFile; fileRef = F69219FE29BA6C7500EF19D0 /* ExploreView.swift */; };
		F6921A0129BA9D3F00EF19D0 /* SettingsView.swift in Sources */ = {isa = PBXBuildFile; fileRef = F6921A0029BA9D3F00EF19D0 /* SettingsView.swift */; };
		F6921A0429BAA60000EF19D0 /* HistoryRow.swift in Sources */ = {isa = PBXBuildFile; fileRef = F6921A0329BAA60000EF19D0 /* HistoryRow.swift */; };
		F6921A0629BAA70700EF19D0 /* History.swift in Sources */ = {isa = PBXBuildFile; fileRef = F6921A0529BAA70700EF19D0 /* History.swift */; };
		F6921A0929C6250D00EF19D0 /* MarkdownUI in Frameworks */ = {isa = PBXBuildFile; productRef = F6921A0829C6250D00EF19D0 /* MarkdownUI */; };
		F6A092A929CF727300E661A0 /* ArticleBar.swift in Sources */ = {isa = PBXBuildFile; fileRef = F6A092A829CF727300E661A0 /* ArticleBar.swift */; };
		F6B0C1D429C7635D00C5BD98 /* ArticleRow.swift in Sources */ = {isa = PBXBuildFile; fileRef = F6DFECD92990A2FC002C3F1A /* ArticleRow.swift */; };
		F6B0C1D529C7635D00C5BD98 /* SCP_UtilityApp.swift in Sources */ = {isa = PBXBuildFile; fileRef = F6040514296248F8003577D7 /* SCP_UtilityApp.swift */; };
		F6B0C1D629C7635D00C5BD98 /* ListAdd.swift in Sources */ = {isa = PBXBuildFile; fileRef = F6DEC9CB29B5288E00E72063 /* ListAdd.swift */; };
		F6B0C1D729C7635D00C5BD98 /* Article.swift in Sources */ = {isa = PBXBuildFile; fileRef = F6DEC9C929B5227F00E72063 /* Article.swift */; };
		F6B0C1D829C7635D00C5BD98 /* ArticleView.swift in Sources */ = {isa = PBXBuildFile; fileRef = F6DFECD72990A2FA002C3F1A /* ArticleView.swift */; };
		F6B0C1D929C7635D00C5BD98 /* SCPList.swift in Sources */ = {isa = PBXBuildFile; fileRef = F6DFECF9299AE8CC002C3F1A /* SCPList.swift */; };
		F6B0C1DB29C7654100C5BD98 /* DataController.swift in Sources */ = {isa = PBXBuildFile; fileRef = F6DFED00299AEFC6002C3F1A /* DataController.swift */; };
		F6B0C1DC29C7654400C5BD98 /* Model.xcdatamodeld in Sources */ = {isa = PBXBuildFile; fileRef = F6DFECFD299AED80002C3F1A /* Model.xcdatamodeld */; };
		F6B0C1DE29C7662700C5BD98 /* AllArticleView.swift in Sources */ = {isa = PBXBuildFile; fileRef = F6B0C1DD29C7662700C5BD98 /* AllArticleView.swift */; };
		F6B0C1DF29C7664600C5BD98 /* AllArticleView.swift in Sources */ = {isa = PBXBuildFile; fileRef = F6B0C1DD29C7662700C5BD98 /* AllArticleView.swift */; };
		F6B0C1E629C76D8E00C5BD98 /* Preview Assets.xcassets in Resources */ = {isa = PBXBuildFile; fileRef = F6B0C1E329C76D8E00C5BD98 /* Preview Assets.xcassets */; };
		F6B0C1E829C76DB200C5BD98 /* ContentView.swift in Sources */ = {isa = PBXBuildFile; fileRef = F6B0C1E429C76D8E00C5BD98 /* ContentView.swift */; };
		F6DEC9CA29B5227F00E72063 /* Article.swift in Sources */ = {isa = PBXBuildFile; fileRef = F6DEC9C929B5227F00E72063 /* Article.swift */; };
		F6DEC9CC29B5288E00E72063 /* ListAdd.swift in Sources */ = {isa = PBXBuildFile; fileRef = F6DEC9CB29B5288E00E72063 /* ListAdd.swift */; };
		F6DFECDA2990A2FC002C3F1A /* ArticleRow.swift in Sources */ = {isa = PBXBuildFile; fileRef = F6DFECD92990A2FC002C3F1A /* ArticleRow.swift */; };
		F6DFECF329994FAB002C3F1A /* SwiftyJSON in Frameworks */ = {isa = PBXBuildFile; productRef = F6DFECF229994FAB002C3F1A /* SwiftyJSON */; };
		F6DFED06299EF1B6002C3F1A /* Crom.swift in Sources */ = {isa = PBXBuildFile; fileRef = F6DFED05299EF1B6002C3F1A /* Crom.swift */; };
		F6DFED1129A06992002C3F1A /* Alamofire in Frameworks */ = {isa = PBXBuildFile; productRef = F6DFED1029A06992002C3F1A /* Alamofire */; };
		F6E1FF2329E467400030DF41 /* ArticleTable.swift in Sources */ = {isa = PBXBuildFile; fileRef = F6E1FF2229E467400030DF41 /* ArticleTable.swift */; };
		F6E1FF2529E78C540030DF41 /* ResumeCard.swift in Sources */ = {isa = PBXBuildFile; fileRef = F6E1FF2429E78C540030DF41 /* ResumeCard.swift */; };
		F6EFF42129DB7D0200605E40 /* ArticleInfo.swift in Sources */ = {isa = PBXBuildFile; fileRef = F6EFF42029DB7D0200605E40 /* ArticleInfo.swift */; };
		F6EFF42329DB81D200605E40 /* ArticleInfoView.swift in Sources */ = {isa = PBXBuildFile; fileRef = F6EFF42229DB81D200605E40 /* ArticleInfoView.swift */; };
		F6EFF42629DF879500605E40 /* Collapsible.swift in Sources */ = {isa = PBXBuildFile; fileRef = F6EFF42529DF879500605E40 /* Collapsible.swift */; };
/* End PBXBuildFile section */

/* Begin PBXCopyFilesBuildPhase section */
		F6B0C1A529C75EE900C5BD98 /* Embed Foundation Extensions */ = {
			isa = PBXCopyFilesBuildPhase;
			buildActionMask = 2147483647;
			dstPath = "";
			dstSubfolderSpec = 13;
			files = (
			);
			name = "Embed Foundation Extensions";
			runOnlyForDeploymentPostprocessing = 0;
		};
/* End PBXCopyFilesBuildPhase section */

/* Begin PBXFileReference section */
		F6040511296248F8003577D7 /* SCP Utility.app */ = {isa = PBXFileReference; explicitFileType = wrapper.application; includeInIndex = 0; path = "SCP Utility.app"; sourceTree = BUILT_PRODUCTS_DIR; };
		F6040514296248F8003577D7 /* SCP_UtilityApp.swift */ = {isa = PBXFileReference; lastKnownFileType = sourcecode.swift; path = SCP_UtilityApp.swift; sourceTree = "<group>"; };
		F6040518296248F8003577D7 /* Assets.xcassets */ = {isa = PBXFileReference; lastKnownFileType = folder.assetcatalog; path = Assets.xcassets; sourceTree = "<group>"; };
		F604051B296248F8003577D7 /* Preview Assets.xcassets */ = {isa = PBXFileReference; lastKnownFileType = folder.assetcatalog; path = "Preview Assets.xcassets"; sourceTree = "<group>"; };
		F604054029624A21003577D7 /* ContentView.swift */ = {isa = PBXFileReference; fileEncoding = 4; lastKnownFileType = sourcecode.swift; path = ContentView.swift; sourceTree = "<group>"; };
		F604054229624A21003577D7 /* ListView.swift */ = {isa = PBXFileReference; fileEncoding = 4; lastKnownFileType = sourcecode.swift; path = ListView.swift; sourceTree = "<group>"; };
		F604054329624A21003577D7 /* HistoryView.swift */ = {isa = PBXFileReference; fileEncoding = 4; lastKnownFileType = sourcecode.swift; path = HistoryView.swift; sourceTree = "<group>"; };
		F604054A29624A3F003577D7 /* SearchView.swift */ = {isa = PBXFileReference; fileEncoding = 4; lastKnownFileType = sourcecode.swift; path = SearchView.swift; sourceTree = "<group>"; };
		F608B71829E09D8600B583EF /* ArticleImage.swift */ = {isa = PBXFileReference; lastKnownFileType = sourcecode.swift; path = ArticleImage.swift; sourceTree = "<group>"; };
		F615611A29D87332003561CD /* RandomCard.swift */ = {isa = PBXFileReference; lastKnownFileType = sourcecode.swift; path = RandomCard.swift; sourceTree = "<group>"; };
		F615611C29D9CE92003561CD /* SafariWrapper.swift */ = {isa = PBXFileReference; lastKnownFileType = sourcecode.swift; path = SafariWrapper.swift; sourceTree = "<group>"; };
		F62A5D7B29D9F99100661DE0 /* Assets.xcassets */ = {isa = PBXFileReference; lastKnownFileType = folder.assetcatalog; path = Assets.xcassets; sourceTree = "<group>"; };
		F64BEEC229F45CEC00AEB15B /* ArticleTabView.swift */ = {isa = PBXFileReference; lastKnownFileType = sourcecode.swift; path = ArticleTabView.swift; sourceTree = "<group>"; };
		F69219F929BA6A4400EF19D0 /* en */ = {isa = PBXFileReference; lastKnownFileType = text.plist.strings; name = en; path = en.lproj/Localizable.strings; sourceTree = "<group>"; };
		F69219FC29BA6C6900EF19D0 /* ArticleSpotlight.swift */ = {isa = PBXFileReference; lastKnownFileType = sourcecode.swift; path = ArticleSpotlight.swift; sourceTree = "<group>"; };
		F69219FE29BA6C7500EF19D0 /* ExploreView.swift */ = {isa = PBXFileReference; lastKnownFileType = sourcecode.swift; path = ExploreView.swift; sourceTree = "<group>"; };
		F6921A0029BA9D3F00EF19D0 /* SettingsView.swift */ = {isa = PBXFileReference; lastKnownFileType = sourcecode.swift; path = SettingsView.swift; sourceTree = "<group>"; };
		F6921A0329BAA60000EF19D0 /* HistoryRow.swift */ = {isa = PBXFileReference; lastKnownFileType = sourcecode.swift; path = HistoryRow.swift; sourceTree = "<group>"; };
		F6921A0529BAA70700EF19D0 /* History.swift */ = {isa = PBXFileReference; lastKnownFileType = sourcecode.swift; path = History.swift; sourceTree = "<group>"; };
		F6A092A829CF727300E661A0 /* ArticleBar.swift */ = {isa = PBXFileReference; lastKnownFileType = sourcecode.swift; path = ArticleBar.swift; sourceTree = "<group>"; };
		F6B0C1AA29C760F500C5BD98 /* RAISA.app */ = {isa = PBXFileReference; explicitFileType = wrapper.application; includeInIndex = 0; path = RAISA.app; sourceTree = BUILT_PRODUCTS_DIR; };
		F6B0C1DD29C7662700C5BD98 /* AllArticleView.swift */ = {isa = PBXFileReference; lastKnownFileType = sourcecode.swift; path = AllArticleView.swift; sourceTree = "<group>"; };
		F6B0C1E329C76D8E00C5BD98 /* Preview Assets.xcassets */ = {isa = PBXFileReference; lastKnownFileType = folder.assetcatalog; path = "Preview Assets.xcassets"; sourceTree = "<group>"; };
		F6B0C1E429C76D8E00C5BD98 /* ContentView.swift */ = {isa = PBXFileReference; fileEncoding = 4; lastKnownFileType = sourcecode.swift; path = ContentView.swift; sourceTree = "<group>"; };
		F6DEC9C929B5227F00E72063 /* Article.swift */ = {isa = PBXFileReference; lastKnownFileType = sourcecode.swift; path = Article.swift; sourceTree = "<group>"; };
		F6DEC9CB29B5288E00E72063 /* ListAdd.swift */ = {isa = PBXFileReference; lastKnownFileType = sourcecode.swift; path = ListAdd.swift; sourceTree = "<group>"; };
		F6DEC9CD29B7B01D00E72063 /* SCP-Utility-Info.plist */ = {isa = PBXFileReference; lastKnownFileType = text.plist; path = "SCP-Utility-Info.plist"; sourceTree = SOURCE_ROOT; };
		F6DFECD72990A2FA002C3F1A /* ArticleView.swift */ = {isa = PBXFileReference; lastKnownFileType = sourcecode.swift; path = ArticleView.swift; sourceTree = "<group>"; };
		F6DFECD92990A2FC002C3F1A /* ArticleRow.swift */ = {isa = PBXFileReference; lastKnownFileType = sourcecode.swift; path = ArticleRow.swift; sourceTree = "<group>"; };
		F6DFECF9299AE8CC002C3F1A /* SCPList.swift */ = {isa = PBXFileReference; lastKnownFileType = sourcecode.swift; path = SCPList.swift; sourceTree = "<group>"; };
		F6DFECFE299AED80002C3F1A /* Model.xcdatamodel */ = {isa = PBXFileReference; lastKnownFileType = wrapper.xcdatamodel; path = Model.xcdatamodel; sourceTree = "<group>"; };
		F6DFED00299AEFC6002C3F1A /* DataController.swift */ = {isa = PBXFileReference; lastKnownFileType = sourcecode.swift; path = DataController.swift; sourceTree = "<group>"; };
		F6DFED05299EF1B6002C3F1A /* Crom.swift */ = {isa = PBXFileReference; lastKnownFileType = sourcecode.swift; path = Crom.swift; sourceTree = "<group>"; xcLanguageSpecificationIdentifier = xcode.lang.swift; };
		F6E1FF2229E467400030DF41 /* ArticleTable.swift */ = {isa = PBXFileReference; lastKnownFileType = sourcecode.swift; path = ArticleTable.swift; sourceTree = "<group>"; };
		F6E1FF2429E78C540030DF41 /* ResumeCard.swift */ = {isa = PBXFileReference; lastKnownFileType = sourcecode.swift; path = ResumeCard.swift; sourceTree = "<group>"; };
		F6EFF42029DB7D0200605E40 /* ArticleInfo.swift */ = {isa = PBXFileReference; lastKnownFileType = sourcecode.swift; path = ArticleInfo.swift; sourceTree = "<group>"; };
		F6EFF42229DB81D200605E40 /* ArticleInfoView.swift */ = {isa = PBXFileReference; lastKnownFileType = sourcecode.swift; path = ArticleInfoView.swift; sourceTree = "<group>"; };
		F6EFF42529DF879500605E40 /* Collapsible.swift */ = {isa = PBXFileReference; lastKnownFileType = sourcecode.swift; path = Collapsible.swift; sourceTree = "<group>"; };
/* End PBXFileReference section */

/* Begin PBXFrameworksBuildPhase section */
		F604050E296248F8003577D7 /* Frameworks */ = {
			isa = PBXFrameworksBuildPhase;
			buildActionMask = 2147483647;
			files = (
				F69219F129BA5C1200EF19D0 /* Kingfisher in Frameworks */,
				F6DFED1129A06992002C3F1A /* Alamofire in Frameworks */,
				F6DFECF329994FAB002C3F1A /* SwiftyJSON in Frameworks */,
				F604055229624CAC003577D7 /* SwiftSoup in Frameworks */,
				F6921A0929C6250D00EF19D0 /* MarkdownUI in Frameworks */,
			);
			runOnlyForDeploymentPostprocessing = 0;
		};
		F6B0C1A729C760F500C5BD98 /* Frameworks */ = {
			isa = PBXFrameworksBuildPhase;
			buildActionMask = 2147483647;
			files = (
			);
			runOnlyForDeploymentPostprocessing = 0;
		};
/* End PBXFrameworksBuildPhase section */

/* Begin PBXGroup section */
		F6040508296248F8003577D7 = {
			isa = PBXGroup;
			children = (
				F6040513296248F8003577D7 /* SCP Utility */,
				F6B0C1E029C76D8E00C5BD98 /* SCP Watch Utility Watch App */,
				F6040512296248F8003577D7 /* Products */,
			);
			sourceTree = "<group>";
		};
		F6040512296248F8003577D7 /* Products */ = {
			isa = PBXGroup;
			children = (
				F6040511296248F8003577D7 /* SCP Utility.app */,
				F6B0C1AA29C760F500C5BD98 /* RAISA.app */,
			);
			name = Products;
			sourceTree = "<group>";
		};
		F6040513296248F8003577D7 /* SCP Utility */ = {
			isa = PBXGroup;
			children = (
				F6DFECFD299AED80002C3F1A /* Model.xcdatamodeld */,
				F6040514296248F8003577D7 /* SCP_UtilityApp.swift */,
				F6DFED00299AEFC6002C3F1A /* DataController.swift */,
				F604054029624A21003577D7 /* ContentView.swift */,
				F615611C29D9CE92003561CD /* SafariWrapper.swift */,
				F6A092A729C7EA5C00E661A0 /* Settings */,
				F6921A0229BAA5DE00EF19D0 /* History */,
				F69219FB29BA6C5B00EF19D0 /* Explore */,
				F6DFED04299EF08D002C3F1A /* Search */,
				F6DFECF62999ED1B002C3F1A /* List */,
				F6DFECDD2994643A002C3F1A /* Article */,
				F69219F529BA69E200EF19D0 /* Localization */,
				F6040518296248F8003577D7 /* Assets.xcassets */,
				F6DEC9CD29B7B01D00E72063 /* SCP-Utility-Info.plist */,
				F604051A296248F8003577D7 /* Preview Content */,
			);
			path = "SCP Utility";
			sourceTree = "<group>";
		};
		F604051A296248F8003577D7 /* Preview Content */ = {
			isa = PBXGroup;
			children = (
				F604051B296248F8003577D7 /* Preview Assets.xcassets */,
			);
			path = "Preview Content";
			sourceTree = "<group>";
		};
		F69219F529BA69E200EF19D0 /* Localization */ = {
			isa = PBXGroup;
			children = (
				F69219FA29BA6A4400EF19D0 /* Localizable.strings */,
			);
			path = Localization;
			sourceTree = "<group>";
		};
		F69219FB29BA6C5B00EF19D0 /* Explore */ = {
			isa = PBXGroup;
			children = (
				F69219FE29BA6C7500EF19D0 /* ExploreView.swift */,
				F615611A29D87332003561CD /* RandomCard.swift */,
				F6E1FF2429E78C540030DF41 /* ResumeCard.swift */,
			);
			path = Explore;
			sourceTree = "<group>";
		};
		F6921A0229BAA5DE00EF19D0 /* History */ = {
			isa = PBXGroup;
			children = (
				F604054329624A21003577D7 /* HistoryView.swift */,
				F6921A0329BAA60000EF19D0 /* HistoryRow.swift */,
				F6921A0529BAA70700EF19D0 /* History.swift */,
			);
			path = History;
			sourceTree = "<group>";
		};
		F6A092A729C7EA5C00E661A0 /* Settings */ = {
			isa = PBXGroup;
			children = (
				F6921A0029BA9D3F00EF19D0 /* SettingsView.swift */,
			);
			path = Settings;
			sourceTree = "<group>";
		};
		F6B0C1E029C76D8E00C5BD98 /* SCP Watch Utility Watch App */ = {
			isa = PBXGroup;
			children = (
				F62A5D7B29D9F99100661DE0 /* Assets.xcassets */,
				F6B0C1E229C76D8E00C5BD98 /* Preview Content */,
				F6B0C1E429C76D8E00C5BD98 /* ContentView.swift */,
			);
			path = "SCP Watch Utility Watch App";
			sourceTree = SOURCE_ROOT;
		};
		F6B0C1E229C76D8E00C5BD98 /* Preview Content */ = {
			isa = PBXGroup;
			children = (
				F6B0C1E329C76D8E00C5BD98 /* Preview Assets.xcassets */,
			);
			path = "Preview Content";
			sourceTree = "<group>";
		};
		F6DFECDD2994643A002C3F1A /* Article */ = {
			isa = PBXGroup;
			children = (
				F6EFF42429DF878900605E40 /* Components */,
				F6DFECD72990A2FA002C3F1A /* ArticleView.swift */,
				F6DEC9C929B5227F00E72063 /* Article.swift */,
				F6EFF42029DB7D0200605E40 /* ArticleInfo.swift */,
				F6DFECD92990A2FC002C3F1A /* ArticleRow.swift */,
				F69219FC29BA6C6900EF19D0 /* ArticleSpotlight.swift */,
				F6A092A829CF727300E661A0 /* ArticleBar.swift */,
				F64BEEC229F45CEC00AEB15B /* ArticleTabView.swift */,
				F6B0C1DD29C7662700C5BD98 /* AllArticleView.swift */,
				F6EFF42229DB81D200605E40 /* ArticleInfoView.swift */,
			);
			path = Article;
			sourceTree = "<group>";
		};
		F6DFECF62999ED1B002C3F1A /* List */ = {
			isa = PBXGroup;
			children = (
				F604054229624A21003577D7 /* ListView.swift */,
				F6DEC9CB29B5288E00E72063 /* ListAdd.swift */,
				F6DFECF9299AE8CC002C3F1A /* SCPList.swift */,
			);
			path = List;
			sourceTree = "<group>";
		};
		F6DFED04299EF08D002C3F1A /* Search */ = {
			isa = PBXGroup;
			children = (
				F604054A29624A3F003577D7 /* SearchView.swift */,
				F6DFED05299EF1B6002C3F1A /* Crom.swift */,
			);
			path = Search;
			sourceTree = "<group>";
		};
		F6EFF42429DF878900605E40 /* Components */ = {
			isa = PBXGroup;
			children = (
				F6EFF42529DF879500605E40 /* Collapsible.swift */,
				F608B71829E09D8600B583EF /* ArticleImage.swift */,
				F6E1FF2229E467400030DF41 /* ArticleTable.swift */,
			);
			path = Components;
			sourceTree = "<group>";
		};
/* End PBXGroup section */

/* Begin PBXNativeTarget section */
		F6040510296248F8003577D7 /* SCP Utility */ = {
			isa = PBXNativeTarget;
			buildConfigurationList = F6040535296248F9003577D7 /* Build configuration list for PBXNativeTarget "SCP Utility" */;
			buildPhases = (
				F604050D296248F8003577D7 /* Sources */,
				F604050E296248F8003577D7 /* Frameworks */,
				F604050F296248F8003577D7 /* Resources */,
				F6B0C1A529C75EE900C5BD98 /* Embed Foundation Extensions */,
			);
			buildRules = (
			);
			dependencies = (
			);
			name = "SCP Utility";
			packageProductDependencies = (
				F604055129624CAC003577D7 /* SwiftSoup */,
				F6DFECF229994FAB002C3F1A /* SwiftyJSON */,
				F6DFED1029A06992002C3F1A /* Alamofire */,
				F69219F029BA5C1200EF19D0 /* Kingfisher */,
				F6921A0829C6250D00EF19D0 /* MarkdownUI */,
			);
			productName = "SCP Utility";
			productReference = F6040511296248F8003577D7 /* SCP Utility.app */;
			productType = "com.apple.product-type.application";
		};
		F6B0C1A929C760F500C5BD98 /* SCP Watch Utility Watch App */ = {
			isa = PBXNativeTarget;
			buildConfigurationList = F6B0C1CB29C760F600C5BD98 /* Build configuration list for PBXNativeTarget "SCP Watch Utility Watch App" */;
			buildPhases = (
				F6B0C1A629C760F500C5BD98 /* Sources */,
				F6B0C1A729C760F500C5BD98 /* Frameworks */,
				F6B0C1A829C760F500C5BD98 /* Resources */,
			);
			buildRules = (
			);
			dependencies = (
			);
			name = "SCP Watch Utility Watch App";
			productName = "SCP Watch Utility Watch App";
			productReference = F6B0C1AA29C760F500C5BD98 /* RAISA.app */;
			productType = "com.apple.product-type.application";
		};
/* End PBXNativeTarget section */

/* Begin PBXProject section */
		F6040509296248F8003577D7 /* Project object */ = {
			isa = PBXProject;
			attributes = {
				BuildIndependentTargetsInParallel = 1;
				LastSwiftUpdateCheck = 1420;
				LastUpgradeCheck = 1420;
				TargetAttributes = {
					F6040510296248F8003577D7 = {
						CreatedOnToolsVersion = 14.2;
					};
					F6B0C1A929C760F500C5BD98 = {
						CreatedOnToolsVersion = 14.2;
					};
				};
			};
			buildConfigurationList = F604050C296248F8003577D7 /* Build configuration list for PBXProject "SCP Utility" */;
			compatibilityVersion = "Xcode 14.0";
			developmentRegion = en;
			hasScannedForEncodings = 0;
			knownRegions = (
				en,
				Base,
			);
			mainGroup = F6040508296248F8003577D7;
			packageReferences = (
				F604055029624CAC003577D7 /* XCRemoteSwiftPackageReference "SwiftSoup" */,
				F6DFECF129994FAB002C3F1A /* XCRemoteSwiftPackageReference "SwiftyJSON" */,
				F6DFED0F29A06992002C3F1A /* XCRemoteSwiftPackageReference "Alamofire" */,
				F69219EF29BA5C1200EF19D0 /* XCRemoteSwiftPackageReference "Kingfisher" */,
				F6921A0729C6250D00EF19D0 /* XCRemoteSwiftPackageReference "swift-markdown-ui" */,
			);
			productRefGroup = F6040512296248F8003577D7 /* Products */;
			projectDirPath = "";
			projectRoot = "";
			targets = (
				F6040510296248F8003577D7 /* SCP Utility */,
				F6B0C1A929C760F500C5BD98 /* SCP Watch Utility Watch App */,
			);
		};
/* End PBXProject section */

/* Begin PBXResourcesBuildPhase section */
		F604050F296248F8003577D7 /* Resources */ = {
			isa = PBXResourcesBuildPhase;
			buildActionMask = 2147483647;
			files = (
				F604051C296248F8003577D7 /* Preview Assets.xcassets in Resources */,
				F69219F829BA6A4400EF19D0 /* Localizable.strings in Resources */,
				F6B0C1E629C76D8E00C5BD98 /* Preview Assets.xcassets in Resources */,
				F6040519296248F8003577D7 /* Assets.xcassets in Resources */,
			);
			runOnlyForDeploymentPostprocessing = 0;
		};
		F6B0C1A829C760F500C5BD98 /* Resources */ = {
			isa = PBXResourcesBuildPhase;
			buildActionMask = 2147483647;
			files = (
				F608B72029E1CDA100B583EF /* Assets.xcassets in Resources */,
				F608B72129E1CE6100B583EF /* Localizable.strings in Resources */,
			);
			runOnlyForDeploymentPostprocessing = 0;
		};
/* End PBXResourcesBuildPhase section */

/* Begin PBXSourcesBuildPhase section */
		F604050D296248F8003577D7 /* Sources */ = {
			isa = PBXSourcesBuildPhase;
			buildActionMask = 2147483647;
			files = (
				F604054729624A21003577D7 /* ListView.swift in Sources */,
				F615611B29D87332003561CD /* RandomCard.swift in Sources */,
				F604054529624A21003577D7 /* ContentView.swift in Sources */,
				F6EFF42329DB81D200605E40 /* ArticleInfoView.swift in Sources */,
				F6236F6929A2F43F007A5A61 /* Model.xcdatamodeld in Sources */,
				F6921A0129BA9D3F00EF19D0 /* SettingsView.swift in Sources */,
				F62A5D7729D9F90300661DE0 /* DataController.swift in Sources */,
				F64BEEC329F45CEC00AEB15B /* ArticleTabView.swift in Sources */,
				F62A5D7A29D9F92C00661DE0 /* SCPList.swift in Sources */,
				F6EFF42629DF879500605E40 /* Collapsible.swift in Sources */,
				F69219FD29BA6C6900EF19D0 /* ArticleSpotlight.swift in Sources */,
				F6E1FF2529E78C540030DF41 /* ResumeCard.swift in Sources */,
				F6DFECDA2990A2FC002C3F1A /* ArticleRow.swift in Sources */,
				F604054829624A21003577D7 /* HistoryView.swift in Sources */,
				F6B0C1DE29C7662700C5BD98 /* AllArticleView.swift in Sources */,
				F62A5D7929D9F92100661DE0 /* SearchView.swift in Sources */,
				F6EFF42129DB7D0200605E40 /* ArticleInfo.swift in Sources */,
				F6A092A929CF727300E661A0 /* ArticleBar.swift in Sources */,
				F608B71929E09D8600B583EF /* ArticleImage.swift in Sources */,
				F6040515296248F8003577D7 /* SCP_UtilityApp.swift in Sources */,
				F62A5D7629D9F8F200661DE0 /* SafariWrapper.swift in Sources */,
				F6921A0629BAA70700EF19D0 /* History.swift in Sources */,
				F6921A0429BAA60000EF19D0 /* HistoryRow.swift in Sources */,
				F6E1FF2329E467400030DF41 /* ArticleTable.swift in Sources */,
				F69219FF29BA6C7500EF19D0 /* ExploreView.swift in Sources */,
				F6DEC9CC29B5288E00E72063 /* ListAdd.swift in Sources */,
				F6DFED06299EF1B6002C3F1A /* Crom.swift in Sources */,
				F6DEC9CA29B5227F00E72063 /* Article.swift in Sources */,
				F62A5D7829D9F91200661DE0 /* ArticleView.swift in Sources */,
			);
			runOnlyForDeploymentPostprocessing = 0;
		};
		F6B0C1A629C760F500C5BD98 /* Sources */ = {
			isa = PBXSourcesBuildPhase;
			buildActionMask = 2147483647;
			files = (
				F6B0C1D529C7635D00C5BD98 /* SCP_UtilityApp.swift in Sources */,
				F6B0C1D929C7635D00C5BD98 /* SCPList.swift in Sources */,
				F6B0C1D829C7635D00C5BD98 /* ArticleView.swift in Sources */,
				F6B0C1DB29C7654100C5BD98 /* DataController.swift in Sources */,
				F6B0C1D629C7635D00C5BD98 /* ListAdd.swift in Sources */,
				F6B0C1DF29C7664600C5BD98 /* AllArticleView.swift in Sources */,
				F6B0C1E829C76DB200C5BD98 /* ContentView.swift in Sources */,
				F6B0C1DC29C7654400C5BD98 /* Model.xcdatamodeld in Sources */,
				F608B71B29E1CB5A00B583EF /* Collapsible.swift in Sources */,
				F6B0C1D429C7635D00C5BD98 /* ArticleRow.swift in Sources */,
				F608B71E29E1CC8C00B583EF /* ArticleInfo.swift in Sources */,
				F6B0C1D729C7635D00C5BD98 /* Article.swift in Sources */,
			);
			runOnlyForDeploymentPostprocessing = 0;
		};
/* End PBXSourcesBuildPhase section */

/* Begin PBXVariantGroup section */
		F69219FA29BA6A4400EF19D0 /* Localizable.strings */ = {
			isa = PBXVariantGroup;
			children = (
				F69219F929BA6A4400EF19D0 /* en */,
			);
			name = Localizable.strings;
			sourceTree = "<group>";
		};
/* End PBXVariantGroup section */

/* Begin XCBuildConfiguration section */
		F6040533296248F9003577D7 /* Debug */ = {
			isa = XCBuildConfiguration;
			buildSettings = {
				ALWAYS_SEARCH_USER_PATHS = NO;
				CLANG_ANALYZER_NONNULL = YES;
				CLANG_ANALYZER_NUMBER_OBJECT_CONVERSION = YES_AGGRESSIVE;
				CLANG_CXX_LANGUAGE_STANDARD = "gnu++20";
				CLANG_ENABLE_MODULES = YES;
				CLANG_ENABLE_OBJC_ARC = YES;
				CLANG_ENABLE_OBJC_WEAK = YES;
				CLANG_WARN_BLOCK_CAPTURE_AUTORELEASING = YES;
				CLANG_WARN_BOOL_CONVERSION = YES;
				CLANG_WARN_COMMA = YES;
				CLANG_WARN_CONSTANT_CONVERSION = YES;
				CLANG_WARN_DEPRECATED_OBJC_IMPLEMENTATIONS = YES;
				CLANG_WARN_DIRECT_OBJC_ISA_USAGE = YES_ERROR;
				CLANG_WARN_DOCUMENTATION_COMMENTS = YES;
				CLANG_WARN_EMPTY_BODY = YES;
				CLANG_WARN_ENUM_CONVERSION = YES;
				CLANG_WARN_INFINITE_RECURSION = YES;
				CLANG_WARN_INT_CONVERSION = YES;
				CLANG_WARN_NON_LITERAL_NULL_CONVERSION = YES;
				CLANG_WARN_OBJC_IMPLICIT_RETAIN_SELF = YES;
				CLANG_WARN_OBJC_LITERAL_CONVERSION = YES;
				CLANG_WARN_OBJC_ROOT_CLASS = YES_ERROR;
				CLANG_WARN_QUOTED_INCLUDE_IN_FRAMEWORK_HEADER = YES;
				CLANG_WARN_RANGE_LOOP_ANALYSIS = YES;
				CLANG_WARN_STRICT_PROTOTYPES = YES;
				CLANG_WARN_SUSPICIOUS_MOVE = YES;
				CLANG_WARN_UNGUARDED_AVAILABILITY = YES_AGGRESSIVE;
				CLANG_WARN_UNREACHABLE_CODE = YES;
				CLANG_WARN__DUPLICATE_METHOD_MATCH = YES;
				COPY_PHASE_STRIP = NO;
				DEBUG_INFORMATION_FORMAT = dwarf;
				ENABLE_STRICT_OBJC_MSGSEND = YES;
				ENABLE_TESTABILITY = YES;
				GCC_C_LANGUAGE_STANDARD = gnu11;
				GCC_DYNAMIC_NO_PIC = NO;
				GCC_NO_COMMON_BLOCKS = YES;
				GCC_OPTIMIZATION_LEVEL = 0;
				GCC_PREPROCESSOR_DEFINITIONS = (
					"DEBUG=1",
					"$(inherited)",
				);
				GCC_WARN_64_TO_32_BIT_CONVERSION = YES;
				GCC_WARN_ABOUT_RETURN_TYPE = YES_ERROR;
				GCC_WARN_UNDECLARED_SELECTOR = YES;
				GCC_WARN_UNINITIALIZED_AUTOS = YES_AGGRESSIVE;
				GCC_WARN_UNUSED_FUNCTION = YES;
				GCC_WARN_UNUSED_VARIABLE = YES;
				IPHONEOS_DEPLOYMENT_TARGET = 16.2;
				MTL_ENABLE_DEBUG_INFO = INCLUDE_SOURCE;
				MTL_FAST_MATH = YES;
				ONLY_ACTIVE_ARCH = YES;
				SDKROOT = iphoneos;
				SWIFT_ACTIVE_COMPILATION_CONDITIONS = DEBUG;
				SWIFT_OPTIMIZATION_LEVEL = "-Onone";
			};
			name = Debug;
		};
		F6040534296248F9003577D7 /* Release */ = {
			isa = XCBuildConfiguration;
			buildSettings = {
				ALWAYS_SEARCH_USER_PATHS = NO;
				CLANG_ANALYZER_NONNULL = YES;
				CLANG_ANALYZER_NUMBER_OBJECT_CONVERSION = YES_AGGRESSIVE;
				CLANG_CXX_LANGUAGE_STANDARD = "gnu++20";
				CLANG_ENABLE_MODULES = YES;
				CLANG_ENABLE_OBJC_ARC = YES;
				CLANG_ENABLE_OBJC_WEAK = YES;
				CLANG_WARN_BLOCK_CAPTURE_AUTORELEASING = YES;
				CLANG_WARN_BOOL_CONVERSION = YES;
				CLANG_WARN_COMMA = YES;
				CLANG_WARN_CONSTANT_CONVERSION = YES;
				CLANG_WARN_DEPRECATED_OBJC_IMPLEMENTATIONS = YES;
				CLANG_WARN_DIRECT_OBJC_ISA_USAGE = YES_ERROR;
				CLANG_WARN_DOCUMENTATION_COMMENTS = YES;
				CLANG_WARN_EMPTY_BODY = YES;
				CLANG_WARN_ENUM_CONVERSION = YES;
				CLANG_WARN_INFINITE_RECURSION = YES;
				CLANG_WARN_INT_CONVERSION = YES;
				CLANG_WARN_NON_LITERAL_NULL_CONVERSION = YES;
				CLANG_WARN_OBJC_IMPLICIT_RETAIN_SELF = YES;
				CLANG_WARN_OBJC_LITERAL_CONVERSION = YES;
				CLANG_WARN_OBJC_ROOT_CLASS = YES_ERROR;
				CLANG_WARN_QUOTED_INCLUDE_IN_FRAMEWORK_HEADER = YES;
				CLANG_WARN_RANGE_LOOP_ANALYSIS = YES;
				CLANG_WARN_STRICT_PROTOTYPES = YES;
				CLANG_WARN_SUSPICIOUS_MOVE = YES;
				CLANG_WARN_UNGUARDED_AVAILABILITY = YES_AGGRESSIVE;
				CLANG_WARN_UNREACHABLE_CODE = YES;
				CLANG_WARN__DUPLICATE_METHOD_MATCH = YES;
				COPY_PHASE_STRIP = NO;
				DEBUG_INFORMATION_FORMAT = "dwarf-with-dsym";
				ENABLE_NS_ASSERTIONS = NO;
				ENABLE_STRICT_OBJC_MSGSEND = YES;
				GCC_C_LANGUAGE_STANDARD = gnu11;
				GCC_NO_COMMON_BLOCKS = YES;
				GCC_WARN_64_TO_32_BIT_CONVERSION = YES;
				GCC_WARN_ABOUT_RETURN_TYPE = YES_ERROR;
				GCC_WARN_UNDECLARED_SELECTOR = YES;
				GCC_WARN_UNINITIALIZED_AUTOS = YES_AGGRESSIVE;
				GCC_WARN_UNUSED_FUNCTION = YES;
				GCC_WARN_UNUSED_VARIABLE = YES;
				IPHONEOS_DEPLOYMENT_TARGET = 16.2;
				MTL_ENABLE_DEBUG_INFO = NO;
				MTL_FAST_MATH = YES;
				SDKROOT = iphoneos;
				SWIFT_COMPILATION_MODE = wholemodule;
				SWIFT_OPTIMIZATION_LEVEL = "-O";
				VALIDATE_PRODUCT = YES;
			};
			name = Release;
		};
		F6040536296248F9003577D7 /* Debug */ = {
			isa = XCBuildConfiguration;
			buildSettings = {
				ALWAYS_EMBED_SWIFT_STANDARD_LIBRARIES = YES;
				ASSETCATALOG_COMPILER_APPICON_NAME = AppIcon;
				ASSETCATALOG_COMPILER_GLOBAL_ACCENT_COLOR_NAME = AccentColor;
				ASSETCATALOG_COMPILER_INCLUDE_ALL_APPICON_ASSETS = NO;
				CODE_SIGN_STYLE = Automatic;
				CURRENT_PROJECT_VERSION = 1;
				DEVELOPMENT_ASSET_PATHS = "\"SCP Utility/Preview Content\"";
				DEVELOPMENT_TEAM = KY577C2LT2;
				ENABLE_PREVIEWS = YES;
				GENERATE_INFOPLIST_FILE = YES;
				INFOPLIST_FILE = "SCP-Utility-Info.plist";
				INFOPLIST_KEY_CFBundleDisplayName = RAISA;
				INFOPLIST_KEY_LSApplicationCategoryType = "public.app-category.books";
				INFOPLIST_KEY_UIApplicationSupportsIndirectInputEvents = YES;
				INFOPLIST_KEY_UILaunchScreen_Generation = YES;
				INFOPLIST_KEY_UISupportedInterfaceOrientations = UIInterfaceOrientationPortrait;
				INFOPLIST_KEY_UISupportedInterfaceOrientations_iPad = "UIInterfaceOrientationLandscapeLeft UIInterfaceOrientationLandscapeRight UIInterfaceOrientationPortrait UIInterfaceOrientationPortraitUpsideDown";
				IPHONEOS_DEPLOYMENT_TARGET = 16.0;
				LD_RUNPATH_SEARCH_PATHS = (
					"$(inherited)",
					"@executable_path/Frameworks",
				);
				MARKETING_VERSION = 1.0;
				PRODUCT_BUNDLE_IDENTIFIER = "com.mharding.SCP-Utility";
				PRODUCT_NAME = "$(TARGET_NAME)";
				SWIFT_EMIT_LOC_STRINGS = YES;
				SWIFT_VERSION = 5.0;
				TARGETED_DEVICE_FAMILY = "1,2";
			};
			name = Debug;
		};
		F6040537296248F9003577D7 /* Release */ = {
			isa = XCBuildConfiguration;
			buildSettings = {
				ALWAYS_EMBED_SWIFT_STANDARD_LIBRARIES = YES;
				ASSETCATALOG_COMPILER_APPICON_NAME = AppIcon;
				ASSETCATALOG_COMPILER_GLOBAL_ACCENT_COLOR_NAME = AccentColor;
				ASSETCATALOG_COMPILER_INCLUDE_ALL_APPICON_ASSETS = NO;
				CODE_SIGN_STYLE = Automatic;
				CURRENT_PROJECT_VERSION = 1;
				DEVELOPMENT_ASSET_PATHS = "\"SCP Utility/Preview Content\"";
				DEVELOPMENT_TEAM = KY577C2LT2;
				ENABLE_PREVIEWS = YES;
				GENERATE_INFOPLIST_FILE = YES;
				INFOPLIST_FILE = "SCP-Utility-Info.plist";
				INFOPLIST_KEY_CFBundleDisplayName = RAISA;
				INFOPLIST_KEY_LSApplicationCategoryType = "public.app-category.books";
				INFOPLIST_KEY_UIApplicationSupportsIndirectInputEvents = YES;
				INFOPLIST_KEY_UILaunchScreen_Generation = YES;
				INFOPLIST_KEY_UISupportedInterfaceOrientations = UIInterfaceOrientationPortrait;
				INFOPLIST_KEY_UISupportedInterfaceOrientations_iPad = "UIInterfaceOrientationLandscapeLeft UIInterfaceOrientationLandscapeRight UIInterfaceOrientationPortrait UIInterfaceOrientationPortraitUpsideDown";
				IPHONEOS_DEPLOYMENT_TARGET = 16.0;
				LD_RUNPATH_SEARCH_PATHS = (
					"$(inherited)",
					"@executable_path/Frameworks",
				);
				MARKETING_VERSION = 1.0;
				PRODUCT_BUNDLE_IDENTIFIER = "com.mharding.SCP-Utility";
				PRODUCT_NAME = "$(TARGET_NAME)";
				SWIFT_EMIT_LOC_STRINGS = YES;
				SWIFT_VERSION = 5.0;
				TARGETED_DEVICE_FAMILY = "1,2";
			};
			name = Release;
		};
		F6B0C1CC29C760F600C5BD98 /* Debug */ = {
			isa = XCBuildConfiguration;
			buildSettings = {
				ASSETCATALOG_COMPILER_APPICON_NAME = AppIcon;
				ASSETCATALOG_COMPILER_GLOBAL_ACCENT_COLOR_NAME = AccentColor;
				ASSETCATALOG_COMPILER_INCLUDE_ALL_APPICON_ASSETS = NO;
				CODE_SIGN_STYLE = Automatic;
				CURRENT_PROJECT_VERSION = 1;
				DEVELOPMENT_ASSET_PATHS = "\"SCP Watch Utility Watch App/Preview Content\"";
				DEVELOPMENT_TEAM = KY577C2LT2;
				ENABLE_PREVIEWS = YES;
				GENERATE_INFOPLIST_FILE = YES;
				INFOPLIST_KEY_UISupportedInterfaceOrientations = "UIInterfaceOrientationPortrait UIInterfaceOrientationPortraitUpsideDown";
				INFOPLIST_KEY_WKCompanionAppBundleIdentifier = "com.mharding.SCP-Utility";
				INFOPLIST_KEY_WKRunsIndependentlyOfCompanionApp = NO;
				LD_RUNPATH_SEARCH_PATHS = (
					"$(inherited)",
					"@executable_path/Frameworks",
				);
				MARKETING_VERSION = 1.0;
				PRODUCT_BUNDLE_IDENTIFIER = "com.mharding.SCP-Utility.com.mharding.SCP-Utility";
				PRODUCT_NAME = RAISA;
				SDKROOT = watchos;
				SKIP_INSTALL = YES;
				SWIFT_EMIT_LOC_STRINGS = YES;
				SWIFT_VERSION = 5.0;
				TARGETED_DEVICE_FAMILY = 4;
				WATCHOS_DEPLOYMENT_TARGET = 9.1;
			};
			name = Debug;
		};
		F6B0C1CD29C760F600C5BD98 /* Release */ = {
			isa = XCBuildConfiguration;
			buildSettings = {
				ASSETCATALOG_COMPILER_APPICON_NAME = AppIcon;
				ASSETCATALOG_COMPILER_GLOBAL_ACCENT_COLOR_NAME = AccentColor;
				ASSETCATALOG_COMPILER_INCLUDE_ALL_APPICON_ASSETS = NO;
				CODE_SIGN_STYLE = Automatic;
				CURRENT_PROJECT_VERSION = 1;
				DEVELOPMENT_ASSET_PATHS = "\"SCP Watch Utility Watch App/Preview Content\"";
				DEVELOPMENT_TEAM = KY577C2LT2;
				ENABLE_PREVIEWS = YES;
				GENERATE_INFOPLIST_FILE = YES;
				INFOPLIST_KEY_UISupportedInterfaceOrientations = "UIInterfaceOrientationPortrait UIInterfaceOrientationPortraitUpsideDown";
				INFOPLIST_KEY_WKCompanionAppBundleIdentifier = "com.mharding.SCP-Utility";
				INFOPLIST_KEY_WKRunsIndependentlyOfCompanionApp = NO;
				LD_RUNPATH_SEARCH_PATHS = (
					"$(inherited)",
					"@executable_path/Frameworks",
				);
				MARKETING_VERSION = 1.0;
				PRODUCT_BUNDLE_IDENTIFIER = "com.mharding.SCP-Utility.com.mharding.SCP-Utility";
				PRODUCT_NAME = RAISA;
				SDKROOT = watchos;
				SKIP_INSTALL = YES;
				SWIFT_EMIT_LOC_STRINGS = YES;
				SWIFT_VERSION = 5.0;
				TARGETED_DEVICE_FAMILY = 4;
				WATCHOS_DEPLOYMENT_TARGET = 9.1;
			};
			name = Release;
		};
/* End XCBuildConfiguration section */

/* Begin XCConfigurationList section */
		F604050C296248F8003577D7 /* Build configuration list for PBXProject "SCP Utility" */ = {
			isa = XCConfigurationList;
			buildConfigurations = (
				F6040533296248F9003577D7 /* Debug */,
				F6040534296248F9003577D7 /* Release */,
			);
			defaultConfigurationIsVisible = 0;
			defaultConfigurationName = Release;
		};
		F6040535296248F9003577D7 /* Build configuration list for PBXNativeTarget "SCP Utility" */ = {
			isa = XCConfigurationList;
			buildConfigurations = (
				F6040536296248F9003577D7 /* Debug */,
				F6040537296248F9003577D7 /* Release */,
			);
			defaultConfigurationIsVisible = 0;
			defaultConfigurationName = Release;
		};
		F6B0C1CB29C760F600C5BD98 /* Build configuration list for PBXNativeTarget "SCP Watch Utility Watch App" */ = {
			isa = XCConfigurationList;
			buildConfigurations = (
				F6B0C1CC29C760F600C5BD98 /* Debug */,
				F6B0C1CD29C760F600C5BD98 /* Release */,
			);
			defaultConfigurationIsVisible = 0;
			defaultConfigurationName = Release;
		};
/* End XCConfigurationList section */

/* Begin XCRemoteSwiftPackageReference section */
		F604055029624CAC003577D7 /* XCRemoteSwiftPackageReference "SwiftSoup" */ = {
			isa = XCRemoteSwiftPackageReference;
			repositoryURL = "https://github.com/scinfu/SwiftSoup";
			requirement = {
				kind = upToNextMajorVersion;
				minimumVersion = 2.0.0;
			};
		};
		F69219EF29BA5C1200EF19D0 /* XCRemoteSwiftPackageReference "Kingfisher" */ = {
			isa = XCRemoteSwiftPackageReference;
			repositoryURL = "https://github.com/onevcat/Kingfisher";
			requirement = {
				kind = upToNextMajorVersion;
				minimumVersion = 7.0.0;
			};
		};
		F6921A0729C6250D00EF19D0 /* XCRemoteSwiftPackageReference "swift-markdown-ui" */ = {
			isa = XCRemoteSwiftPackageReference;
			repositoryURL = "https://github.com/gonzalezreal/swift-markdown-ui";
			requirement = {
				branch = main;
				kind = branch;
			};
		};
		F6DFECF129994FAB002C3F1A /* XCRemoteSwiftPackageReference "SwiftyJSON" */ = {
			isa = XCRemoteSwiftPackageReference;
			repositoryURL = "https://github.com/SwiftyJSON/SwiftyJSON";
			requirement = {
				kind = upToNextMajorVersion;
				minimumVersion = 5.0.0;
			};
		};
		F6DFED0F29A06992002C3F1A /* XCRemoteSwiftPackageReference "Alamofire" */ = {
			isa = XCRemoteSwiftPackageReference;
			repositoryURL = "https://github.com/Alamofire/Alamofire";
			requirement = {
				kind = upToNextMajorVersion;
				minimumVersion = 5.0.0;
			};
		};
/* End XCRemoteSwiftPackageReference section */

/* Begin XCSwiftPackageProductDependency section */
		F604055129624CAC003577D7 /* SwiftSoup */ = {
			isa = XCSwiftPackageProductDependency;
			package = F604055029624CAC003577D7 /* XCRemoteSwiftPackageReference "SwiftSoup" */;
			productName = SwiftSoup;
		};
		F69219F029BA5C1200EF19D0 /* Kingfisher */ = {
			isa = XCSwiftPackageProductDependency;
			package = F69219EF29BA5C1200EF19D0 /* XCRemoteSwiftPackageReference "Kingfisher" */;
			productName = Kingfisher;
		};
		F6921A0829C6250D00EF19D0 /* MarkdownUI */ = {
			isa = XCSwiftPackageProductDependency;
			package = F6921A0729C6250D00EF19D0 /* XCRemoteSwiftPackageReference "swift-markdown-ui" */;
			productName = MarkdownUI;
		};
		F6DFECF229994FAB002C3F1A /* SwiftyJSON */ = {
			isa = XCSwiftPackageProductDependency;
			package = F6DFECF129994FAB002C3F1A /* XCRemoteSwiftPackageReference "SwiftyJSON" */;
			productName = SwiftyJSON;
		};
		F6DFED1029A06992002C3F1A /* Alamofire */ = {
			isa = XCSwiftPackageProductDependency;
			package = F6DFED0F29A06992002C3F1A /* XCRemoteSwiftPackageReference "Alamofire" */;
			productName = Alamofire;
		};
/* End XCSwiftPackageProductDependency section */

/* Begin XCVersionGroup section */
		F6DFECFD299AED80002C3F1A /* Model.xcdatamodeld */ = {
			isa = XCVersionGroup;
			children = (
				F6DFECFE299AED80002C3F1A /* Model.xcdatamodel */,
			);
			currentVersion = F6DFECFE299AED80002C3F1A /* Model.xcdatamodel */;
			path = Model.xcdatamodeld;
			sourceTree = "<group>";
			versionGroupType = wrapper.xcdatamodel;
		};
/* End XCVersionGroup section */
	};
	rootObject = F6040509296248F8003577D7 /* Project object */;
}
